
Microsoft Visual Studio Solution File, Format Version 12.00
# Visual Studio 15
VisualStudioVersion = 15.0.28307.852
MinimumVisualStudioVersion = 10.0.40219.1
Project("{FAE04EC0-301F-11D3-BF4B-00C04F79EFBC}") = "CalculateFormula", "CalculateFormula\CalculateFormula.csproj", "{8DB4D04D-BD54-4015-9B9C-B179333B8399}"
EndProject
Project("{FAE04EC0-301F-11D3-BF4B-00C04F79EFBC}") = "MyTestUnitCalc", "MyTestUnitCalc\MyTestUnitCalc.csproj", "{BB7C2437-A937-47FE-988D-1ADB71B9C6F1}"
EndProject
Global
	GlobalSection(SolutionConfigurationPlatforms) = preSolution
		Debug|Any CPU = Debug|Any CPU
		Release|Any CPU = Release|Any CPU
	EndGlobalSection
	GlobalSection(ProjectConfigurationPlatforms) = postSolution
		{8DB4D04D-BD54-4015-9B9C-B179333B8399}.Debug|Any CPU.ActiveCfg = Debug|Any CPU
		{8DB4D04D-BD54-4015-9B9C-B179333B8399}.Debug|Any CPU.Build.0 = Debug|Any CPU
		{8DB4D04D-BD54-4015-9B9C-B179333B8399}.Release|Any CPU.ActiveCfg = Release|Any CPU
		{8DB4D04D-BD54-4015-9B9C-B179333B8399}.Release|Any CPU.Build.0 = Release|Any CPU
		{BB7C2437-A937-47FE-988D-1ADB71B9C6F1}.Debug|Any CPU.ActiveCfg = Debug|Any CPU
		{BB7C2437-A937-47FE-988D-1ADB71B9C6F1}.Debug|Any CPU.Build.0 = Debug|Any CPU
		{BB7C2437-A937-47FE-988D-1ADB71B9C6F1}.Release|Any CPU.ActiveCfg = Release|Any CPU
		{BB7C2437-A937-47FE-988D-1ADB71B9C6F1}.Release|Any CPU.Build.0 = Release|Any CPU
	EndGlobalSection
	GlobalSection(SolutionProperties) = preSolution
		HideSolutionNode = FALSE
	EndGlobalSection
	GlobalSection(ExtensibilityGlobals) = postSolution
		SolutionGuid = {3F94E8D5-9E3B-49C2-8027-0FC192FBD8DC}
	EndGlobalSection
EndGlobal
